// !$*UTF8*$!
{
	archiveVersion = 1;
	classes = {
	};
	objectVersion = 55;
	objects = {

/* Begin PBXBuildFile section */
		A03607CD28BDAFDE00C918C0 /* FeatureItem.swift in Sources */ = {isa = PBXBuildFile; fileRef = A03607CC28BDAFDE00C918C0 /* FeatureItem.swift */; };
		A03607CF28BDB33500C918C0 /* NavigationBar.swift in Sources */ = {isa = PBXBuildFile; fileRef = A03607CE28BDB33500C918C0 /* NavigationBar.swift */; };
		A05CC3C828B766F20045A0FB /* Tab.swift in Sources */ = {isa = PBXBuildFile; fileRef = A05CC3C728B766F20045A0FB /* Tab.swift */; };
		A0995BCC28B36D7900E441F7 /* DesignCodeIOSApp.swift in Sources */ = {isa = PBXBuildFile; fileRef = A0995BCB28B36D7900E441F7 /* DesignCodeIOSApp.swift */; };
		A0995BCE28B36D7900E441F7 /* ContentView.swift in Sources */ = {isa = PBXBuildFile; fileRef = A0995BCD28B36D7900E441F7 /* ContentView.swift */; };
		A0995BD028B36D7A00E441F7 /* Assets.xcassets in Resources */ = {isa = PBXBuildFile; fileRef = A0995BCF28B36D7A00E441F7 /* Assets.xcassets */; };
		A0995BD328B36D7A00E441F7 /* Preview Assets.xcassets in Resources */ = {isa = PBXBuildFile; fileRef = A0995BD228B36D7A00E441F7 /* Preview Assets.xcassets */; };
		A0995BDA28B36DD400E441F7 /* AccountView.swift in Sources */ = {isa = PBXBuildFile; fileRef = A0995BD928B36DD400E441F7 /* AccountView.swift */; };
		A0995BDC28B386D200E441F7 /* SecondView.swift in Sources */ = {isa = PBXBuildFile; fileRef = A0995BDB28B386D200E441F7 /* SecondView.swift */; };
		A0995BDE28B386DB00E441F7 /* Styles.swift in Sources */ = {isa = PBXBuildFile; fileRef = A0995BDD28B386DB00E441F7 /* Styles.swift */; };
		A0ECF7CB28BC55BE00F62880 /* TabBar.swift in Sources */ = {isa = PBXBuildFile; fileRef = A0ECF7CA28BC55BE00F62880 /* TabBar.swift */; };
		A0F6765128B46F37000DC9DE /* HexagonView.swift in Sources */ = {isa = PBXBuildFile; fileRef = A0F6765028B46F37000DC9DE /* HexagonView.swift */; };
		A0F6765328B47E1E000DC9DE /* BlobView.swift in Sources */ = {isa = PBXBuildFile; fileRef = A0F6765228B47E1E000DC9DE /* BlobView.swift */; };
/* End PBXBuildFile section */

/* Begin PBXFileReference section */
		A03607CC28BDAFDE00C918C0 /* FeatureItem.swift */ = {isa = PBXFileReference; lastKnownFileType = sourcecode.swift; path = FeatureItem.swift; sourceTree = "<group>"; };
		A03607CE28BDB33500C918C0 /* NavigationBar.swift */ = {isa = PBXFileReference; lastKnownFileType = sourcecode.swift; path = NavigationBar.swift; sourceTree = "<group>"; };
		A05CC3C728B766F20045A0FB /* Tab.swift */ = {isa = PBXFileReference; lastKnownFileType = sourcecode.swift; path = Tab.swift; sourceTree = "<group>"; };
		A0995BC828B36D7900E441F7 /* DesignCodeIOS.app */ = {isa = PBXFileReference; explicitFileType = wrapper.application; includeInIndex = 0; path = DesignCodeIOS.app; sourceTree = BUILT_PRODUCTS_DIR; };
		A0995BCB28B36D7900E441F7 /* DesignCodeIOSApp.swift */ = {isa = PBXFileReference; lastKnownFileType = sourcecode.swift; path = DesignCodeIOSApp.swift; sourceTree = "<group>"; };
		A0995BCD28B36D7900E441F7 /* ContentView.swift */ = {isa = PBXFileReference; lastKnownFileType = sourcecode.swift; path = ContentView.swift; sourceTree = "<group>"; };
		A0995BCF28B36D7A00E441F7 /* Assets.xcassets */ = {isa = PBXFileReference; lastKnownFileType = folder.assetcatalog; path = Assets.xcassets; sourceTree = "<group>"; };
		A0995BD228B36D7A00E441F7 /* Preview Assets.xcassets */ = {isa = PBXFileReference; lastKnownFileType = folder.assetcatalog; path = "Preview Assets.xcassets"; sourceTree = "<group>"; };
		A0995BD928B36DD400E441F7 /* AccountView.swift */ = {isa = PBXFileReference; lastKnownFileType = sourcecode.swift; path = AccountView.swift; sourceTree = "<group>"; };
		A0995BDB28B386D200E441F7 /* SecondView.swift */ = {isa = PBXFileReference; fileEncoding = 4; lastKnownFileType = sourcecode.swift; path = SecondView.swift; sourceTree = "<group>"; };
		A0995BDD28B386DB00E441F7 /* Styles.swift */ = {isa = PBXFileReference; fileEncoding = 4; lastKnownFileType = sourcecode.swift; path = Styles.swift; sourceTree = "<group>"; };
		A0ECF7CA28BC55BE00F62880 /* TabBar.swift */ = {isa = PBXFileReference; lastKnownFileType = sourcecode.swift; path = TabBar.swift; sourceTree = "<group>"; };
		A0F6765028B46F37000DC9DE /* HexagonView.swift */ = {isa = PBXFileReference; lastKnownFileType = sourcecode.swift; path = HexagonView.swift; sourceTree = "<group>"; };
		A0F6765228B47E1E000DC9DE /* BlobView.swift */ = {isa = PBXFileReference; lastKnownFileType = sourcecode.swift; path = BlobView.swift; sourceTree = "<group>"; };
/* End PBXFileReference section */

/* Begin PBXFrameworksBuildPhase section */
		A0995BC528B36D7900E441F7 /* Frameworks */ = {
			isa = PBXFrameworksBuildPhase;
			buildActionMask = 2147483647;
			files = (
			);
			runOnlyForDeploymentPostprocessing = 0;
		};
/* End PBXFrameworksBuildPhase section */

/* Begin PBXGroup section */
		A0995BBF28B36D7900E441F7 = {
			isa = PBXGroup;
			children = (
				A0995BCA28B36D7900E441F7 /* DesignCodeIOS */,
				A0995BC928B36D7900E441F7 /* Products */,
			);
			sourceTree = "<group>";
		};
		A0995BC928B36D7900E441F7 /* Products */ = {
			isa = PBXGroup;
			children = (
				A0995BC828B36D7900E441F7 /* DesignCodeIOS.app */,
			);
			name = Products;
			sourceTree = "<group>";
		};
		A0995BCA28B36D7900E441F7 /* DesignCodeIOS */ = {
			isa = PBXGroup;
			children = (
				A0995BCB28B36D7900E441F7 /* DesignCodeIOSApp.swift */,
				A0D1299328BD9CCA00FE7F24 /* Navigation */,
				A0D1299628BD9CFB00FE7F24 /* Model */,
				A0D1299528BD9CE700FE7F24 /* Components */,
				A0D1299728BD9D0900FE7F24 /* Styles */,
				A0D1299428BD9CD800FE7F24 /* Views */,
				A0995BCF28B36D7A00E441F7 /* Assets.xcassets */,
				A0995BD128B36D7A00E441F7 /* Preview Content */,
			);
			path = DesignCodeIOS;
			sourceTree = "<group>";
		};
		A0995BD128B36D7A00E441F7 /* Preview Content */ = {
			isa = PBXGroup;
			children = (
				A0995BD228B36D7A00E441F7 /* Preview Assets.xcassets */,
			);
			path = "Preview Content";
			sourceTree = "<group>";
		};
		A0D1299328BD9CCA00FE7F24 /* Navigation */ = {
			isa = PBXGroup;
			children = (
				A0995BCD28B36D7900E441F7 /* ContentView.swift */,
			);
			path = Navigation;
			sourceTree = "<group>";
		};
		A0D1299428BD9CD800FE7F24 /* Views */ = {
			isa = PBXGroup;
			children = (
				A0995BDB28B386D200E441F7 /* SecondView.swift */,
				A0F6765228B47E1E000DC9DE /* BlobView.swift */,
				A0F6765028B46F37000DC9DE /* HexagonView.swift */,
				A0995BD928B36DD400E441F7 /* AccountView.swift */,
			);
			path = Views;
			sourceTree = "<group>";
		};
		A0D1299528BD9CE700FE7F24 /* Components */ = {
			isa = PBXGroup;
			children = (
				A0ECF7CA28BC55BE00F62880 /* TabBar.swift */,
				A03607CC28BDAFDE00C918C0 /* FeatureItem.swift */,
				A03607CE28BDB33500C918C0 /* NavigationBar.swift */,
			);
			path = Components;
			sourceTree = "<group>";
		};
		A0D1299628BD9CFB00FE7F24 /* Model */ = {
			isa = PBXGroup;
			children = (
				A05CC3C728B766F20045A0FB /* Tab.swift */,
			);
			path = Model;
			sourceTree = "<group>";
		};
		A0D1299728BD9D0900FE7F24 /* Styles */ = {
			isa = PBXGroup;
			children = (
				A0995BDD28B386DB00E441F7 /* Styles.swift */,
			);
			path = Styles;
			sourceTree = "<group>";
		};
/* End PBXGroup section */

/* Begin PBXNativeTarget section */
		A0995BC728B36D7900E441F7 /* DesignCodeIOS */ = {
			isa = PBXNativeTarget;
			buildConfigurationList = A0995BD628B36D7A00E441F7 /* Build configuration list for PBXNativeTarget "DesignCodeIOS" */;
			buildPhases = (
				A0995BC428B36D7900E441F7 /* Sources */,
				A0995BC528B36D7900E441F7 /* Frameworks */,
				A0995BC628B36D7900E441F7 /* Resources */,
			);
			buildRules = (
			);
			dependencies = (
			);
			name = DesignCodeIOS;
			productName = DesignCodeIOS;
			productReference = A0995BC828B36D7900E441F7 /* DesignCodeIOS.app */;
			productType = "com.apple.product-type.application";
		};
/* End PBXNativeTarget section */

/* Begin PBXProject section */
		A0995BC028B36D7900E441F7 /* Project object */ = {
			isa = PBXProject;
			attributes = {
				BuildIndependentTargetsInParallel = 1;
				LastSwiftUpdateCheck = 1320;
				LastUpgradeCheck = 1320;
				TargetAttributes = {
					A0995BC728B36D7900E441F7 = {
						CreatedOnToolsVersion = 13.2.1;
					};
				};
			};
			buildConfigurationList = A0995BC328B36D7900E441F7 /* Build configuration list for PBXProject "DesignCodeIOS" */;
			compatibilityVersion = "Xcode 13.0";
			developmentRegion = en;
			hasScannedForEncodings = 0;
			knownRegions = (
				en,
				Base,
			);
			mainGroup = A0995BBF28B36D7900E441F7;
			productRefGroup = A0995BC928B36D7900E441F7 /* Products */;
			projectDirPath = "";
			projectRoot = "";
			targets = (
				A0995BC728B36D7900E441F7 /* DesignCodeIOS */,
			);
		};
/* End PBXProject section */

/* Begin PBXResourcesBuildPhase section */
		A0995BC628B36D7900E441F7 /* Resources */ = {
			isa = PBXResourcesBuildPhase;
			buildActionMask = 2147483647;
			files = (
				A0995BD328B36D7A00E441F7 /* Preview Assets.xcassets in Resources */,
				A0995BD028B36D7A00E441F7 /* Assets.xcassets in Resources */,
			);
			runOnlyForDeploymentPostprocessing = 0;
		};
/* End PBXResourcesBuildPhase section */

/* Begin PBXSourcesBuildPhase section */
		A0995BC428B36D7900E441F7 /* Sources */ = {
			isa = PBXSourcesBuildPhase;
			buildActionMask = 2147483647;
			files = (
				A0995BDA28B36DD400E441F7 /* AccountView.swift in Sources */,
				A0995BDE28B386DB00E441F7 /* Styles.swift in Sources */,
				A0995BCE28B36D7900E441F7 /* ContentView.swift in Sources */,
				A03607CD28BDAFDE00C918C0 /* FeatureItem.swift in Sources */,
				A05CC3C828B766F20045A0FB /* Tab.swift in Sources */,
				A03607CF28BDB33500C918C0 /* NavigationBar.swift in Sources */,
				A0995BDC28B386D200E441F7 /* SecondView.swift in Sources */,
				A0995BCC28B36D7900E441F7 /* DesignCodeIOSApp.swift in Sources */,
				A0F6765128B46F37000DC9DE /* HexagonView.swift in Sources */,
				A0ECF7CB28BC55BE00F62880 /* TabBar.swift in Sources */,
				A0F6765328B47E1E000DC9DE /* BlobView.swift in Sources */,
			);
			runOnlyForDeploymentPostprocessing = 0;
		};
/* End PBXSourcesBuildPhase section */

/* Begin XCBuildConfiguration section */
		A0995BD428B36D7A00E441F7 /* Debug */ = {
			isa = XCBuildConfiguration;
			buildSettings = {
				ALWAYS_SEARCH_USER_PATHS = NO;
				CLANG_ANALYZER_NONNULL = YES;
				CLANG_ANALYZER_NUMBER_OBJECT_CONVERSION = YES_AGGRESSIVE;
				CLANG_CXX_LANGUAGE_STANDARD = "gnu++17";
				CLANG_CXX_LIBRARY = "libc++";
				CLANG_ENABLE_MODULES = YES;
				CLANG_ENABLE_OBJC_ARC = YES;
				CLANG_ENABLE_OBJC_WEAK = YES;
				CLANG_WARN_BLOCK_CAPTURE_AUTORELEASING = YES;
				CLANG_WARN_BOOL_CONVERSION = YES;
				CLANG_WARN_COMMA = YES;
				CLANG_WARN_CONSTANT_CONVERSION = YES;
				CLANG_WARN_DEPRECATED_OBJC_IMPLEMENTATIONS = YES;
				CLANG_WARN_DIRECT_OBJC_ISA_USAGE = YES_ERROR;
				CLANG_WARN_DOCUMENTATION_COMMENTS = YES;
				CLANG_WARN_EMPTY_BODY = YES;
				CLANG_WARN_ENUM_CONVERSION = YES;
				CLANG_WARN_INFINITE_RECURSION = YES;
				CLANG_WARN_INT_CONVERSION = YES;
				CLANG_WARN_NON_LITERAL_NULL_CONVERSION = YES;
				CLANG_WARN_OBJC_IMPLICIT_RETAIN_SELF = YES;
				CLANG_WARN_OBJC_LITERAL_CONVERSION = YES;
				CLANG_WARN_OBJC_ROOT_CLASS = YES_ERROR;
				CLANG_WARN_QUOTED_INCLUDE_IN_FRAMEWORK_HEADER = YES;
				CLANG_WARN_RANGE_LOOP_ANALYSIS = YES;
				CLANG_WARN_STRICT_PROTOTYPES = YES;
				CLANG_WARN_SUSPICIOUS_MOVE = YES;
				CLANG_WARN_UNGUARDED_AVAILABILITY = YES_AGGRESSIVE;
				CLANG_WARN_UNREACHABLE_CODE = YES;
				CLANG_WARN__DUPLICATE_METHOD_MATCH = YES;
				COPY_PHASE_STRIP = NO;
				DEBUG_INFORMATION_FORMAT = dwarf;
				ENABLE_STRICT_OBJC_MSGSEND = YES;
				ENABLE_TESTABILITY = YES;
				GCC_C_LANGUAGE_STANDARD = gnu11;
				GCC_DYNAMIC_NO_PIC = NO;
				GCC_NO_COMMON_BLOCKS = YES;
				GCC_OPTIMIZATION_LEVEL = 0;
				GCC_PREPROCESSOR_DEFINITIONS = (
					"DEBUG=1",
					"$(inherited)",
				);
				GCC_WARN_64_TO_32_BIT_CONVERSION = YES;
				GCC_WARN_ABOUT_RETURN_TYPE = YES_ERROR;
				GCC_WARN_UNDECLARED_SELECTOR = YES;
				GCC_WARN_UNINITIALIZED_AUTOS = YES_AGGRESSIVE;
				GCC_WARN_UNUSED_FUNCTION = YES;
				GCC_WARN_UNUSED_VARIABLE = YES;
				IPHONEOS_DEPLOYMENT_TARGET = 15.2;
				MTL_ENABLE_DEBUG_INFO = INCLUDE_SOURCE;
				MTL_FAST_MATH = YES;
				ONLY_ACTIVE_ARCH = YES;
				SDKROOT = iphoneos;
				SWIFT_ACTIVE_COMPILATION_CONDITIONS = DEBUG;
				SWIFT_OPTIMIZATION_LEVEL = "-Onone";
			};
			name = Debug;
		};
		A0995BD528B36D7A00E441F7 /* Release */ = {
			isa = XCBuildConfiguration;
			buildSettings = {
				ALWAYS_SEARCH_USER_PATHS = NO;
				CLANG_ANALYZER_NONNULL = YES;
				CLANG_ANALYZER_NUMBER_OBJECT_CONVERSION = YES_AGGRESSIVE;
				CLANG_CXX_LANGUAGE_STANDARD = "gnu++17";
				CLANG_CXX_LIBRARY = "libc++";
				CLANG_ENABLE_MODULES = YES;
				CLANG_ENABLE_OBJC_ARC = YES;
				CLANG_ENABLE_OBJC_WEAK = YES;
				CLANG_WARN_BLOCK_CAPTURE_AUTORELEASING = YES;
				CLANG_WARN_BOOL_CONVERSION = YES;
				CLANG_WARN_COMMA = YES;
				CLANG_WARN_CONSTANT_CONVERSION = YES;
				CLANG_WARN_DEPRECATED_OBJC_IMPLEMENTATIONS = YES;
				CLANG_WARN_DIRECT_OBJC_ISA_USAGE = YES_ERROR;
				CLANG_WARN_DOCUMENTATION_COMMENTS = YES;
				CLANG_WARN_EMPTY_BODY = YES;
				CLANG_WARN_ENUM_CONVERSION = YES;
				CLANG_WARN_INFINITE_RECURSION = YES;
				CLANG_WARN_INT_CONVERSION = YES;
				CLANG_WARN_NON_LITERAL_NULL_CONVERSION = YES;
				CLANG_WARN_OBJC_IMPLICIT_RETAIN_SELF = YES;
				CLANG_WARN_OBJC_LITERAL_CONVERSION = YES;
				CLANG_WARN_OBJC_ROOT_CLASS = YES_ERROR;
				CLANG_WARN_QUOTED_INCLUDE_IN_FRAMEWORK_HEADER = YES;
				CLANG_WARN_RANGE_LOOP_ANALYSIS = YES;
				CLANG_WARN_STRICT_PROTOTYPES = YES;
				CLANG_WARN_SUSPICIOUS_MOVE = YES;
				CLANG_WARN_UNGUARDED_AVAILABILITY = YES_AGGRESSIVE;
				CLANG_WARN_UNREACHABLE_CODE = YES;
				CLANG_WARN__DUPLICATE_METHOD_MATCH = YES;
				COPY_PHASE_STRIP = NO;
				DEBUG_INFORMATION_FORMAT = "dwarf-with-dsym";
				ENABLE_NS_ASSERTIONS = NO;
				ENABLE_STRICT_OBJC_MSGSEND = YES;
				GCC_C_LANGUAGE_STANDARD = gnu11;
				GCC_NO_COMMON_BLOCKS = YES;
				GCC_WARN_64_TO_32_BIT_CONVERSION = YES;
				GCC_WARN_ABOUT_RETURN_TYPE = YES_ERROR;
				GCC_WARN_UNDECLARED_SELECTOR = YES;
				GCC_WARN_UNINITIALIZED_AUTOS = YES_AGGRESSIVE;
				GCC_WARN_UNUSED_FUNCTION = YES;
				GCC_WARN_UNUSED_VARIABLE = YES;
				IPHONEOS_DEPLOYMENT_TARGET = 15.2;
				MTL_ENABLE_DEBUG_INFO = NO;
				MTL_FAST_MATH = YES;
				SDKROOT = iphoneos;
				SWIFT_COMPILATION_MODE = wholemodule;
				SWIFT_OPTIMIZATION_LEVEL = "-O";
				VALIDATE_PRODUCT = YES;
			};
			name = Release;
		};
		A0995BD728B36D7A00E441F7 /* Debug */ = {
			isa = XCBuildConfiguration;
			buildSettings = {
				ASSETCATALOG_COMPILER_APPICON_NAME = AppIcon;
				ASSETCATALOG_COMPILER_GLOBAL_ACCENT_COLOR_NAME = AccentColor;
				CODE_SIGN_STYLE = Automatic;
				CURRENT_PROJECT_VERSION = 1;
				DEVELOPMENT_ASSET_PATHS = "\"DesignCodeIOS/Preview Content\"";
				DEVELOPMENT_TEAM = SLXD3VVF54;
				ENABLE_PREVIEWS = YES;
				GENERATE_INFOPLIST_FILE = YES;
				INFOPLIST_KEY_UIApplicationSceneManifest_Generation = YES;
				INFOPLIST_KEY_UIApplicationSupportsIndirectInputEvents = YES;
				INFOPLIST_KEY_UILaunchScreen_Generation = YES;
				INFOPLIST_KEY_UISupportedInterfaceOrientations_iPad = "UIInterfaceOrientationPortrait UIInterfaceOrientationPortraitUpsideDown UIInterfaceOrientationLandscapeLeft UIInterfaceOrientationLandscapeRight";
				INFOPLIST_KEY_UISupportedInterfaceOrientations_iPhone = "UIInterfaceOrientationPortrait UIInterfaceOrientationLandscapeLeft UIInterfaceOrientationLandscapeRight";
				LD_RUNPATH_SEARCH_PATHS = (
					"$(inherited)",
					"@executable_path/Frameworks",
				);
				MARKETING_VERSION = 1.0;
				PRODUCT_BUNDLE_IDENTIFIER = com.cxp.DesignCodeIOS;
				PRODUCT_NAME = "$(TARGET_NAME)";
				SWIFT_EMIT_LOC_STRINGS = YES;
				SWIFT_VERSION = 5.0;
				TARGETED_DEVICE_FAMILY = "1,2";
			};
			name = Debug;
		};
		A0995BD828B36D7A00E441F7 /* Release */ = {
			isa = XCBuildConfiguration;
			buildSettings = {
				ASSETCATALOG_COMPILER_APPICON_NAME = AppIcon;
				ASSETCATALOG_COMPILER_GLOBAL_ACCENT_COLOR_NAME = AccentColor;
				CODE_SIGN_STYLE = Automatic;
				CURRENT_PROJECT_VERSION = 1;
				DEVELOPMENT_ASSET_PATHS = "\"DesignCodeIOS/Preview Content\"";
				DEVELOPMENT_TEAM = SLXD3VVF54;
				ENABLE_PREVIEWS = YES;
				GENERATE_INFOPLIST_FILE = YES;
				INFOPLIST_KEY_UIApplicationSceneManifest_Generation = YES;
				INFOPLIST_KEY_UIApplicationSupportsIndirectInputEvents = YES;
				INFOPLIST_KEY_UILaunchScreen_Generation = YES;
				INFOPLIST_KEY_UISupportedInterfaceOrientations_iPad = "UIInterfaceOrientationPortrait UIInterfaceOrientationPortraitUpsideDown UIInterfaceOrientationLandscapeLeft UIInterfaceOrientationLandscapeRight";
				INFOPLIST_KEY_UISupportedInterfaceOrientations_iPhone = "UIInterfaceOrientationPortrait UIInterfaceOrientationLandscapeLeft UIInterfaceOrientationLandscapeRight";
				LD_RUNPATH_SEARCH_PATHS = (
					"$(inherited)",
					"@executable_path/Frameworks",
				);
				MARKETING_VERSION = 1.0;
				PRODUCT_BUNDLE_IDENTIFIER = com.cxp.DesignCodeIOS;
				PRODUCT_NAME = "$(TARGET_NAME)";
				SWIFT_EMIT_LOC_STRINGS = YES;
				SWIFT_VERSION = 5.0;
				TARGETED_DEVICE_FAMILY = "1,2";
			};
			name = Release;
		};
/* End XCBuildConfiguration section */

/* Begin XCConfigurationList section */
		A0995BC328B36D7900E441F7 /* Build configuration list for PBXProject "DesignCodeIOS" */ = {
			isa = XCConfigurationList;
			buildConfigurations = (
				A0995BD428B36D7A00E441F7 /* Debug */,
				A0995BD528B36D7A00E441F7 /* Release */,
			);
			defaultConfigurationIsVisible = 0;
			defaultConfigurationName = Release;
		};
		A0995BD628B36D7A00E441F7 /* Build configuration list for PBXNativeTarget "DesignCodeIOS" */ = {
			isa = XCConfigurationList;
			buildConfigurations = (
				A0995BD728B36D7A00E441F7 /* Debug */,
				A0995BD828B36D7A00E441F7 /* Release */,
			);
			defaultConfigurationIsVisible = 0;
			defaultConfigurationName = Release;
		};
/* End XCConfigurationList section */
	};
	rootObject = A0995BC028B36D7900E441F7 /* Project object */;
}
